// !$*UTF8*$!
{
	archiveVersion = 1;
	classes = {
	};
	objectVersion = 50;
	objects = {

/* Begin PBXBuildFile section */
		CD4488DD26F8E4FC0025B3ED /* MissionView.swift in Sources */ = {isa = PBXBuildFile; fileRef = CD4488DC26F8E4FC0025B3ED /* MissionView.swift */; };
		CD8E210B26F9F1E9009A13B9 /* AstronautView.swift in Sources */ = {isa = PBXBuildFile; fileRef = CD8E210A26F9F1E9009A13B9 /* AstronautView.swift */; };
		CD9DDBD326F600BC0038072C /* MoonshotApp.swift in Sources */ = {isa = PBXBuildFile; fileRef = CD9DDBD226F600BC0038072C /* MoonshotApp.swift */; };
		CD9DDBD526F600BC0038072C /* ContentView.swift in Sources */ = {isa = PBXBuildFile; fileRef = CD9DDBD426F600BC0038072C /* ContentView.swift */; };
		CD9DDBD726F600BD0038072C /* Assets.xcassets in Resources */ = {isa = PBXBuildFile; fileRef = CD9DDBD626F600BD0038072C /* Assets.xcassets */; };
		CD9DDBDA26F600BD0038072C /* Preview Assets.xcassets in Resources */ = {isa = PBXBuildFile; fileRef = CD9DDBD926F600BD0038072C /* Preview Assets.xcassets */; };
		CDA627ED26F7548400848FD7 /* missions.json in Resources */ = {isa = PBXBuildFile; fileRef = CDA627EB26F7548400848FD7 /* missions.json */; };
		CDA627EE26F7548400848FD7 /* astronauts.json in Resources */ = {isa = PBXBuildFile; fileRef = CDA627EC26F7548400848FD7 /* astronauts.json */; };
		CDA627F026F7556900848FD7 /* Astronaut.swift in Sources */ = {isa = PBXBuildFile; fileRef = CDA627EF26F7556900848FD7 /* Astronaut.swift */; };
		CDA627F226F7565000848FD7 /* Bundle-Decodable.swift in Sources */ = {isa = PBXBuildFile; fileRef = CDA627F126F7565000848FD7 /* Bundle-Decodable.swift */; };
		CDA627F426F75B8900848FD7 /* Mission.swift in Sources */ = {isa = PBXBuildFile; fileRef = CDA627F326F75B8900848FD7 /* Mission.swift */; };
/* End PBXBuildFile section */

/* Begin PBXFileReference section */
		CD4488DC26F8E4FC0025B3ED /* MissionView.swift */ = {isa = PBXFileReference; lastKnownFileType = sourcecode.swift; path = MissionView.swift; sourceTree = "<group>"; };
		CD8E210A26F9F1E9009A13B9 /* AstronautView.swift */ = {isa = PBXFileReference; lastKnownFileType = sourcecode.swift; path = AstronautView.swift; sourceTree = "<group>"; };
		CD9DDBCF26F600BC0038072C /* Moonshot.app */ = {isa = PBXFileReference; explicitFileType = wrapper.application; includeInIndex = 0; path = Moonshot.app; sourceTree = BUILT_PRODUCTS_DIR; };
		CD9DDBD226F600BC0038072C /* MoonshotApp.swift */ = {isa = PBXFileReference; lastKnownFileType = sourcecode.swift; path = MoonshotApp.swift; sourceTree = "<group>"; };
		CD9DDBD426F600BC0038072C /* ContentView.swift */ = {isa = PBXFileReference; lastKnownFileType = sourcecode.swift; path = ContentView.swift; sourceTree = "<group>"; };
		CD9DDBD626F600BD0038072C /* Assets.xcassets */ = {isa = PBXFileReference; lastKnownFileType = folder.assetcatalog; path = Assets.xcassets; sourceTree = "<group>"; };
		CD9DDBD926F600BD0038072C /* Preview Assets.xcassets */ = {isa = PBXFileReference; lastKnownFileType = folder.assetcatalog; path = "Preview Assets.xcassets"; sourceTree = "<group>"; };
		CD9DDBDB26F600BD0038072C /* Info.plist */ = {isa = PBXFileReference; lastKnownFileType = text.plist.xml; path = Info.plist; sourceTree = "<group>"; };
		CDA627EB26F7548400848FD7 /* missions.json */ = {isa = PBXFileReference; fileEncoding = 4; lastKnownFileType = text.json; path = missions.json; sourceTree = "<group>"; };
		CDA627EC26F7548400848FD7 /* astronauts.json */ = {isa = PBXFileReference; fileEncoding = 4; lastKnownFileType = text.json; path = astronauts.json; sourceTree = "<group>"; };
		CDA627EF26F7556900848FD7 /* Astronaut.swift */ = {isa = PBXFileReference; lastKnownFileType = sourcecode.swift; path = Astronaut.swift; sourceTree = "<group>"; };
		CDA627F126F7565000848FD7 /* Bundle-Decodable.swift */ = {isa = PBXFileReference; lastKnownFileType = sourcecode.swift; path = "Bundle-Decodable.swift"; sourceTree = "<group>"; };
		CDA627F326F75B8900848FD7 /* Mission.swift */ = {isa = PBXFileReference; lastKnownFileType = sourcecode.swift; path = Mission.swift; sourceTree = "<group>"; };
/* End PBXFileReference section */

/* Begin PBXFrameworksBuildPhase section */
		CD9DDBCC26F600BC0038072C /* Frameworks */ = {
			isa = PBXFrameworksBuildPhase;
			buildActionMask = 2147483647;
			files = (
			);
			runOnlyForDeploymentPostprocessing = 0;
		};
/* End PBXFrameworksBuildPhase section */

/* Begin PBXGroup section */
		CD9DDBC626F600BC0038072C = {
			isa = PBXGroup;
			children = (
				CD9DDBD126F600BC0038072C /* Moonshot */,
				CD9DDBD026F600BC0038072C /* Products */,
			);
			sourceTree = "<group>";
		};
		CD9DDBD026F600BC0038072C /* Products */ = {
			isa = PBXGroup;
			children = (
				CD9DDBCF26F600BC0038072C /* Moonshot.app */,
			);
			name = Products;
			sourceTree = "<group>";
		};
		CD9DDBD126F600BC0038072C /* Moonshot */ = {
			isa = PBXGroup;
			children = (
				CD9DDBD226F600BC0038072C /* MoonshotApp.swift */,
				CDA627EC26F7548400848FD7 /* astronauts.json */,
				CDA627EB26F7548400848FD7 /* missions.json */,
				CD9DDBD426F600BC0038072C /* ContentView.swift */,
				CD4488DC26F8E4FC0025B3ED /* MissionView.swift */,
				CD8E210A26F9F1E9009A13B9 /* AstronautView.swift */,
				CDA627F326F75B8900848FD7 /* Mission.swift */,
				CD9DDBD626F600BD0038072C /* Assets.xcassets */,
				CD9DDBDB26F600BD0038072C /* Info.plist */,
				CD9DDBD826F600BD0038072C /* Preview Content */,
				CDA627EF26F7556900848FD7 /* Astronaut.swift */,
				CDA627F126F7565000848FD7 /* Bundle-Decodable.swift */,
			);
			path = Moonshot;
			sourceTree = "<group>";
		};
		CD9DDBD826F600BD0038072C /* Preview Content */ = {
			isa = PBXGroup;
			children = (
				CD9DDBD926F600BD0038072C /* Preview Assets.xcassets */,
			);
			path = "Preview Content";
			sourceTree = "<group>";
		};
/* End PBXGroup section */

/* Begin PBXNativeTarget section */
		CD9DDBCE26F600BC0038072C /* Moonshot */ = {
			isa = PBXNativeTarget;
			buildConfigurationList = CD9DDBDE26F600BD0038072C /* Build configuration list for PBXNativeTarget "Moonshot" */;
			buildPhases = (
				CD9DDBCB26F600BC0038072C /* Sources */,
				CD9DDBCC26F600BC0038072C /* Frameworks */,
				CD9DDBCD26F600BC0038072C /* Resources */,
			);
			buildRules = (
			);
			dependencies = (
			);
			name = Moonshot;
			productName = Moonshot;
			productReference = CD9DDBCF26F600BC0038072C /* Moonshot.app */;
			productType = "com.apple.product-type.application";
		};
/* End PBXNativeTarget section */

/* Begin PBXProject section */
		CD9DDBC726F600BC0038072C /* Project object */ = {
			isa = PBXProject;
			attributes = {
				LastSwiftUpdateCheck = 1250;
				LastUpgradeCheck = 1250;
				TargetAttributes = {
					CD9DDBCE26F600BC0038072C = {
						CreatedOnToolsVersion = 12.5;
					};
				};
			};
			buildConfigurationList = CD9DDBCA26F600BC0038072C /* Build configuration list for PBXProject "Moonshot" */;
			compatibilityVersion = "Xcode 9.3";
			developmentRegion = en;
			hasScannedForEncodings = 0;
			knownRegions = (
				en,
				Base,
			);
			mainGroup = CD9DDBC626F600BC0038072C;
			productRefGroup = CD9DDBD026F600BC0038072C /* Products */;
			projectDirPath = "";
			projectRoot = "";
			targets = (
				CD9DDBCE26F600BC0038072C /* Moonshot */,
			);
		};
/* End PBXProject section */

/* Begin PBXResourcesBuildPhase section */
		CD9DDBCD26F600BC0038072C /* Resources */ = {
			isa = PBXResourcesBuildPhase;
			buildActionMask = 2147483647;
			files = (
				CD9DDBDA26F600BD0038072C /* Preview Assets.xcassets in Resources */,
				CDA627ED26F7548400848FD7 /* missions.json in Resources */,
				CD9DDBD726F600BD0038072C /* Assets.xcassets in Resources */,
				CDA627EE26F7548400848FD7 /* astronauts.json in Resources */,
			);
			runOnlyForDeploymentPostprocessing = 0;
		};
/* End PBXResourcesBuildPhase section */

/* Begin PBXSourcesBuildPhase section */
		CD9DDBCB26F600BC0038072C /* Sources */ = {
			isa = PBXSourcesBuildPhase;
			buildActionMask = 2147483647;
			files = (
				CD8E210B26F9F1E9009A13B9 /* AstronautView.swift in Sources */,
				CDA627F026F7556900848FD7 /* Astronaut.swift in Sources */,
				CD9DDBD526F600BC0038072C /* ContentView.swift in Sources */,
				CD9DDBD326F600BC0038072C /* MoonshotApp.swift in Sources */,
				CDA627F426F75B8900848FD7 /* Mission.swift in Sources */,
				CDA627F226F7565000848FD7 /* Bundle-Decodable.swift in Sources */,
				CD4488DD26F8E4FC0025B3ED /* MissionView.swift in Sources */,
			);
			runOnlyForDeploymentPostprocessing = 0;
		};
/* End PBXSourcesBuildPhase section */

/* Begin XCBuildConfiguration section */
		CD9DDBDC26F600BD0038072C /* Debug */ = {
			isa = XCBuildConfiguration;
			buildSettings = {
				ALWAYS_SEARCH_USER_PATHS = NO;
				CLANG_ANALYZER_NONNULL = YES;
				CLANG_ANALYZER_NUMBER_OBJECT_CONVERSION = YES_AGGRESSIVE;
				CLANG_CXX_LANGUAGE_STANDARD = "gnu++14";
				CLANG_CXX_LIBRARY = "libc++";
				CLANG_ENABLE_MODULES = YES;
				CLANG_ENABLE_OBJC_ARC = YES;
				CLANG_ENABLE_OBJC_WEAK = YES;
				CLANG_WARN_BLOCK_CAPTURE_AUTORELEASING = YES;
				CLANG_WARN_BOOL_CONVERSION = YES;
				CLANG_WARN_COMMA = YES;
				CLANG_WARN_CONSTANT_CONVERSION = YES;
				CLANG_WARN_DEPRECATED_OBJC_IMPLEMENTATIONS = YES;
				CLANG_WARN_DIRECT_OBJC_ISA_USAGE = YES_ERROR;
				CLANG_WARN_DOCUMENTATION_COMMENTS = YES;
				CLANG_WARN_EMPTY_BODY = YES;
				CLANG_WARN_ENUM_CONVERSION = YES;
				CLANG_WARN_INFINITE_RECURSION = YES;
				CLANG_WARN_INT_CONVERSION = YES;
				CLANG_WARN_NON_LITERAL_NULL_CONVERSION = YES;
				CLANG_WARN_OBJC_IMPLICIT_RETAIN_SELF = YES;
				CLANG_WARN_OBJC_LITERAL_CONVERSION = YES;
				CLANG_WARN_OBJC_ROOT_CLASS = YES_ERROR;
				CLANG_WARN_QUOTED_INCLUDE_IN_FRAMEWORK_HEADER = YES;
				CLANG_WARN_RANGE_LOOP_ANALYSIS = YES;
				CLANG_WARN_STRICT_PROTOTYPES = YES;
				CLANG_WARN_SUSPICIOUS_MOVE = YES;
				CLANG_WARN_UNGUARDED_AVAILABILITY = YES_AGGRESSIVE;
				CLANG_WARN_UNREACHABLE_CODE = YES;
				CLANG_WARN__DUPLICATE_METHOD_MATCH = YES;
				COPY_PHASE_STRIP = NO;
				DEBUG_INFORMATION_FORMAT = dwarf;
				ENABLE_STRICT_OBJC_MSGSEND = YES;
				ENABLE_TESTABILITY = YES;
				GCC_C_LANGUAGE_STANDARD = gnu11;
				GCC_DYNAMIC_NO_PIC = NO;
				GCC_NO_COMMON_BLOCKS = YES;
				GCC_OPTIMIZATION_LEVEL = 0;
				GCC_PREPROCESSOR_DEFINITIONS = (
					"DEBUG=1",
					"$(inherited)",
				);
				GCC_WARN_64_TO_32_BIT_CONVERSION = YES;
				GCC_WARN_ABOUT_RETURN_TYPE = YES_ERROR;
				GCC_WARN_UNDECLARED_SELECTOR = YES;
				GCC_WARN_UNINITIALIZED_AUTOS = YES_AGGRESSIVE;
				GCC_WARN_UNUSED_FUNCTION = YES;
				GCC_WARN_UNUSED_VARIABLE = YES;
				IPHONEOS_DEPLOYMENT_TARGET = 14.5;
				MTL_ENABLE_DEBUG_INFO = INCLUDE_SOURCE;
				MTL_FAST_MATH = YES;
				ONLY_ACTIVE_ARCH = YES;
				SDKROOT = iphoneos;
				SWIFT_ACTIVE_COMPILATION_CONDITIONS = DEBUG;
				SWIFT_OPTIMIZATION_LEVEL = "-Onone";
			};
			name = Debug;
		};
		CD9DDBDD26F600BD0038072C /* Release */ = {
			isa = XCBuildConfiguration;
			buildSettings = {
				ALWAYS_SEARCH_USER_PATHS = NO;
				CLANG_ANALYZER_NONNULL = YES;
				CLANG_ANALYZER_NUMBER_OBJECT_CONVERSION = YES_AGGRESSIVE;
				CLANG_CXX_LANGUAGE_STANDARD = "gnu++14";
				CLANG_CXX_LIBRARY = "libc++";
				CLANG_ENABLE_MODULES = YES;
				CLANG_ENABLE_OBJC_ARC = YES;
				CLANG_ENABLE_OBJC_WEAK = YES;
				CLANG_WARN_BLOCK_CAPTURE_AUTORELEASING = YES;
				CLANG_WARN_BOOL_CONVERSION = YES;
				CLANG_WARN_COMMA = YES;
				CLANG_WARN_CONSTANT_CONVERSION = YES;
				CLANG_WARN_DEPRECATED_OBJC_IMPLEMENTATIONS = YES;
				CLANG_WARN_DIRECT_OBJC_ISA_USAGE = YES_ERROR;
				CLANG_WARN_DOCUMENTATION_COMMENTS = YES;
				CLANG_WARN_EMPTY_BODY = YES;
				CLANG_WARN_ENUM_CONVERSION = YES;
				CLANG_WARN_INFINITE_RECURSION = YES;
				CLANG_WARN_INT_CONVERSION = YES;
				CLANG_WARN_NON_LITERAL_NULL_CONVERSION = YES;
				CLANG_WARN_OBJC_IMPLICIT_RETAIN_SELF = YES;
				CLANG_WARN_OBJC_LITERAL_CONVERSION = YES;
				CLANG_WARN_OBJC_ROOT_CLASS = YES_ERROR;
				CLANG_WARN_QUOTED_INCLUDE_IN_FRAMEWORK_HEADER = YES;
				CLANG_WARN_RANGE_LOOP_ANALYSIS = YES;
				CLANG_WARN_STRICT_PROTOTYPES = YES;
				CLANG_WARN_SUSPICIOUS_MOVE = YES;
				CLANG_WARN_UNGUARDED_AVAILABILITY = YES_AGGRESSIVE;
				CLANG_WARN_UNREACHABLE_CODE = YES;
				CLANG_WARN__DUPLICATE_METHOD_MATCH = YES;
				COPY_PHASE_STRIP = NO;
				DEBUG_INFORMATION_FORMAT = "dwarf-with-dsym";
				ENABLE_NS_ASSERTIONS = NO;
				ENABLE_STRICT_OBJC_MSGSEND = YES;
				GCC_C_LANGUAGE_STANDARD = gnu11;
				GCC_NO_COMMON_BLOCKS = YES;
				GCC_WARN_64_TO_32_BIT_CONVERSION = YES;
				GCC_WARN_ABOUT_RETURN_TYPE = YES_ERROR;
				GCC_WARN_UNDECLARED_SELECTOR = YES;
				GCC_WARN_UNINITIALIZED_AUTOS = YES_AGGRESSIVE;
				GCC_WARN_UNUSED_FUNCTION = YES;
				GCC_WARN_UNUSED_VARIABLE = YES;
				IPHONEOS_DEPLOYMENT_TARGET = 14.5;
				MTL_ENABLE_DEBUG_INFO = NO;
				MTL_FAST_MATH = YES;
				SDKROOT = iphoneos;
				SWIFT_COMPILATION_MODE = wholemodule;
				SWIFT_OPTIMIZATION_LEVEL = "-O";
				VALIDATE_PRODUCT = YES;
			};
			name = Release;
		};
		CD9DDBDF26F600BD0038072C /* Debug */ = {
			isa = XCBuildConfiguration;
			buildSettings = {
				ASSETCATALOG_COMPILER_APPICON_NAME = AppIcon;
				ASSETCATALOG_COMPILER_GLOBAL_ACCENT_COLOR_NAME = AccentColor;
				CODE_SIGN_STYLE = Automatic;
				DEVELOPMENT_ASSET_PATHS = "\"Moonshot/Preview Content\"";
				DEVELOPMENT_TEAM = R47Q9C8LKD;
				ENABLE_PREVIEWS = YES;
				INFOPLIST_FILE = Moonshot/Info.plist;
				IPHONEOS_DEPLOYMENT_TARGET = 14.0;
				LD_RUNPATH_SEARCH_PATHS = (
					"$(inherited)",
					"@executable_path/Frameworks",
				);
				PRODUCT_BUNDLE_IDENTIFIER = com.icloud.sahilsaitn.Moonshot;
				PRODUCT_NAME = "$(TARGET_NAME)";
				SWIFT_VERSION = 5.0;
				TARGETED_DEVICE_FAMILY = "1,2";
			};
			name = Debug;
		};
		CD9DDBE026F600BD0038072C /* Release */ = {
			isa = XCBuildConfiguration;
			buildSettings = {
				ASSETCATALOG_COMPILER_APPICON_NAME = AppIcon;
				ASSETCATALOG_COMPILER_GLOBAL_ACCENT_COLOR_NAME = AccentColor;
				CODE_SIGN_STYLE = Automatic;
				DEVELOPMENT_ASSET_PATHS = "\"Moonshot/Preview Content\"";
				DEVELOPMENT_TEAM = R47Q9C8LKD;
				ENABLE_PREVIEWS = YES;
				INFOPLIST_FILE = Moonshot/Info.plist;
				IPHONEOS_DEPLOYMENT_TARGET = 14.0;
				LD_RUNPATH_SEARCH_PATHS = (
					"$(inherited)",
					"@executable_path/Frameworks",
				);
				PRODUCT_BUNDLE_IDENTIFIER = com.icloud.sahilsaitn.Moonshot;
				PRODUCT_NAME = "$(TARGET_NAME)";
				SWIFT_VERSION = 5.0;
				TARGETED_DEVICE_FAMILY = "1,2";
			};
			name = Release;
		};
/* End XCBuildConfiguration section */

/* Begin XCConfigurationList section */
		CD9DDBCA26F600BC0038072C /* Build configuration list for PBXProject "Moonshot" */ = {
			isa = XCConfigurationList;
			buildConfigurations = (
				CD9DDBDC26F600BD0038072C /* Debug */,
				CD9DDBDD26F600BD0038072C /* Release */,
			);
			defaultConfigurationIsVisible = 0;
			defaultConfigurationName = Release;
		};
		CD9DDBDE26F600BD0038072C /* Build configuration list for PBXNativeTarget "Moonshot" */ = {
			isa = XCConfigurationList;
			buildConfigurations = (
				CD9DDBDF26F600BD0038072C /* Debug */,
				CD9DDBE026F600BD0038072C /* Release */,
			);
			defaultConfigurationIsVisible = 0;
			defaultConfigurationName = Release;
		};
/* End XCConfigurationList section */
	};
	rootObject = CD9DDBC726F600BC0038072C /* Project object */;
}
